// !$*UTF8*$!
{
	archiveVersion = 1;
	classes = {
	};
	objectVersion = 46;
	objects = {

/* Begin PBXBuildFile section */
		B03513A519FFF805005C0ADB /* AppDelegate.swift in Sources */ = {isa = PBXBuildFile; fileRef = B03513A419FFF805005C0ADB /* AppDelegate.swift */; };
		B03513A719FFF805005C0ADB /* FirstViewController.swift in Sources */ = {isa = PBXBuildFile; fileRef = B03513A619FFF805005C0ADB /* FirstViewController.swift */; };
		B03513A919FFF805005C0ADB /* SecondViewController.swift in Sources */ = {isa = PBXBuildFile; fileRef = B03513A819FFF805005C0ADB /* SecondViewController.swift */; };
		B03513AC19FFF805005C0ADB /* Main.storyboard in Resources */ = {isa = PBXBuildFile; fileRef = B03513AA19FFF805005C0ADB /* Main.storyboard */; };
		B03513AE19FFF805005C0ADB /* Images.xcassets in Resources */ = {isa = PBXBuildFile; fileRef = B03513AD19FFF805005C0ADB /* Images.xcassets */; };
		B03513B119FFF805005C0ADB /* LaunchScreen.xib in Resources */ = {isa = PBXBuildFile; fileRef = B03513AF19FFF805005C0ADB /* LaunchScreen.xib */; };
		B03513BD19FFF805005C0ADB /* Pad_ShotTests.swift in Sources */ = {isa = PBXBuildFile; fileRef = B03513BC19FFF805005C0ADB /* Pad_ShotTests.swift */; };
		B03513C719FFF8C5005C0ADB /* README.md in Sources */ = {isa = PBXBuildFile; fileRef = B03513C619FFF8C5005C0ADB /* README.md */; };
		B0C23EB91A028CA500947428 /* RecentsViewController.swift in Sources */ = {isa = PBXBuildFile; fileRef = B0C23EB81A028CA500947428 /* RecentsViewController.swift */; };
/* End PBXBuildFile section */

/* Begin PBXContainerItemProxy section */
		B03513B719FFF805005C0ADB /* PBXContainerItemProxy */ = {
			isa = PBXContainerItemProxy;
			containerPortal = B035139719FFF804005C0ADB /* Project object */;
			proxyType = 1;
			remoteGlobalIDString = B035139E19FFF804005C0ADB;
			remoteInfo = "Pad Shot";
		};
/* End PBXContainerItemProxy section */

/* Begin PBXFileReference section */
		B035139F19FFF804005C0ADB /* Pad Shot.app */ = {isa = PBXFileReference; explicitFileType = wrapper.application; includeInIndex = 0; path = "Pad Shot.app"; sourceTree = BUILT_PRODUCTS_DIR; };
		B03513A319FFF804005C0ADB /* Info.plist */ = {isa = PBXFileReference; lastKnownFileType = text.plist.xml; path = Info.plist; sourceTree = "<group>"; };
		B03513A419FFF805005C0ADB /* AppDelegate.swift */ = {isa = PBXFileReference; lastKnownFileType = sourcecode.swift; path = AppDelegate.swift; sourceTree = "<group>"; };
		B03513A619FFF805005C0ADB /* FirstViewController.swift */ = {isa = PBXFileReference; lastKnownFileType = sourcecode.swift; path = FirstViewController.swift; sourceTree = "<group>"; };
		B03513A819FFF805005C0ADB /* SecondViewController.swift */ = {isa = PBXFileReference; lastKnownFileType = sourcecode.swift; path = SecondViewController.swift; sourceTree = "<group>"; };
		B03513AB19FFF805005C0ADB /* Base */ = {isa = PBXFileReference; lastKnownFileType = file.storyboard; name = Base; path = Base.lproj/Main.storyboard; sourceTree = "<group>"; };
		B03513AD19FFF805005C0ADB /* Images.xcassets */ = {isa = PBXFileReference; lastKnownFileType = folder.assetcatalog; path = Images.xcassets; sourceTree = "<group>"; };
		B03513B019FFF805005C0ADB /* Base */ = {isa = PBXFileReference; lastKnownFileType = file.xib; name = Base; path = Base.lproj/LaunchScreen.xib; sourceTree = "<group>"; };
		B03513B619FFF805005C0ADB /* Pad ShotTests.xctest */ = {isa = PBXFileReference; explicitFileType = wrapper.cfbundle; includeInIndex = 0; path = "Pad ShotTests.xctest"; sourceTree = BUILT_PRODUCTS_DIR; };
		B03513BB19FFF805005C0ADB /* Info.plist */ = {isa = PBXFileReference; lastKnownFileType = text.plist.xml; path = Info.plist; sourceTree = "<group>"; };
		B03513BC19FFF805005C0ADB /* Pad_ShotTests.swift */ = {isa = PBXFileReference; lastKnownFileType = sourcecode.swift; path = Pad_ShotTests.swift; sourceTree = "<group>"; };
		B03513C619FFF8C5005C0ADB /* README.md */ = {isa = PBXFileReference; fileEncoding = 4; lastKnownFileType = net.daringfireball.markdown; path = README.md; sourceTree = "<group>"; };
		B0C23EB81A028CA500947428 /* RecentsViewController.swift */ = {isa = PBXFileReference; fileEncoding = 4; lastKnownFileType = sourcecode.swift; path = RecentsViewController.swift; sourceTree = "<group>"; };
/* End PBXFileReference section */

/* Begin PBXFrameworksBuildPhase section */
		B035139C19FFF804005C0ADB /* Frameworks */ = {
			isa = PBXFrameworksBuildPhase;
			buildActionMask = 2147483647;
			files = (
			);
			runOnlyForDeploymentPostprocessing = 0;
		};
		B03513B319FFF805005C0ADB /* Frameworks */ = {
			isa = PBXFrameworksBuildPhase;
			buildActionMask = 2147483647;
			files = (
			);
			runOnlyForDeploymentPostprocessing = 0;
		};
/* End PBXFrameworksBuildPhase section */

/* Begin PBXGroup section */
		B035139619FFF804005C0ADB = {
			isa = PBXGroup;
			children = (
				B03513A119FFF804005C0ADB /* Pad Shot */,
				B03513B919FFF805005C0ADB /* Pad ShotTests */,
				B03513A019FFF804005C0ADB /* Products */,
				B03513C619FFF8C5005C0ADB /* README.md */,
			);
			sourceTree = "<group>";
		};
		B03513A019FFF804005C0ADB /* Products */ = {
			isa = PBXGroup;
			children = (
				B035139F19FFF804005C0ADB /* Pad Shot.app */,
				B03513B619FFF805005C0ADB /* Pad ShotTests.xctest */,
			);
			name = Products;
			sourceTree = "<group>";
		};
		B03513A119FFF804005C0ADB /* Pad Shot */ = {
			isa = PBXGroup;
			children = (
				B03513A419FFF805005C0ADB /* AppDelegate.swift */,
				B03513A619FFF805005C0ADB /* FirstViewController.swift */,
				B0C23EB81A028CA500947428 /* RecentsViewController.swift */,
				B03513A819FFF805005C0ADB /* SecondViewController.swift */,
				B03513AD19FFF805005C0ADB /* Images.xcassets */,
				B03513AF19FFF805005C0ADB /* LaunchScreen.xib */,
				B03513AA19FFF805005C0ADB /* Main.storyboard */,
				B03513A219FFF804005C0ADB /* Supporting Files */,
			);
			path = "Pad Shot";
			sourceTree = "<group>";
		};
		B03513A219FFF804005C0ADB /* Supporting Files */ = {
			isa = PBXGroup;
			children = (
				B03513A319FFF804005C0ADB /* Info.plist */,
			);
			name = "Supporting Files";
			sourceTree = "<group>";
		};
		B03513B919FFF805005C0ADB /* Pad ShotTests */ = {
			isa = PBXGroup;
			children = (
				B03513BC19FFF805005C0ADB /* Pad_ShotTests.swift */,
				B03513BA19FFF805005C0ADB /* Supporting Files */,
			);
			path = "Pad ShotTests";
			sourceTree = "<group>";
		};
		B03513BA19FFF805005C0ADB /* Supporting Files */ = {
			isa = PBXGroup;
			children = (
				B03513BB19FFF805005C0ADB /* Info.plist */,
			);
			name = "Supporting Files";
			sourceTree = "<group>";
		};
/* End PBXGroup section */

/* Begin PBXNativeTarget section */
		B035139E19FFF804005C0ADB /* Pad Shot */ = {
			isa = PBXNativeTarget;
			buildConfigurationList = B03513C019FFF805005C0ADB /* Build configuration list for PBXNativeTarget "Pad Shot" */;
			buildPhases = (
				B035139B19FFF804005C0ADB /* Sources */,
				B035139C19FFF804005C0ADB /* Frameworks */,
				B035139D19FFF804005C0ADB /* Resources */,
			);
			buildRules = (
			);
			dependencies = (
			);
			name = "Pad Shot";
			productName = "Pad Shot";
			productReference = B035139F19FFF804005C0ADB /* Pad Shot.app */;
			productType = "com.apple.product-type.application";
		};
		B03513B519FFF805005C0ADB /* Pad ShotTests */ = {
			isa = PBXNativeTarget;
			buildConfigurationList = B03513C319FFF805005C0ADB /* Build configuration list for PBXNativeTarget "Pad ShotTests" */;
			buildPhases = (
				B03513B219FFF805005C0ADB /* Sources */,
				B03513B319FFF805005C0ADB /* Frameworks */,
				B03513B419FFF805005C0ADB /* Resources */,
			);
			buildRules = (
			);
			dependencies = (
				B03513B819FFF805005C0ADB /* PBXTargetDependency */,
			);
			name = "Pad ShotTests";
			productName = "Pad ShotTests";
			productReference = B03513B619FFF805005C0ADB /* Pad ShotTests.xctest */;
			productType = "com.apple.product-type.bundle.unit-test";
		};
/* End PBXNativeTarget section */

/* Begin PBXProject section */
		B035139719FFF804005C0ADB /* Project object */ = {
			isa = PBXProject;
			attributes = {
				LastUpgradeCheck = 0610;
				ORGANIZATIONNAME = Wayne;
				TargetAttributes = {
					B035139E19FFF804005C0ADB = {
						CreatedOnToolsVersion = 6.1;
						DevelopmentTeam = UMQMHH9L4Q;
					};
					B03513B519FFF805005C0ADB = {
						CreatedOnToolsVersion = 6.1;
						TestTargetID = B035139E19FFF804005C0ADB;
					};
				};
			};
			buildConfigurationList = B035139A19FFF804005C0ADB /* Build configuration list for PBXProject "Pad Shot" */;
			compatibilityVersion = "Xcode 3.2";
			developmentRegion = English;
			hasScannedForEncodings = 0;
			knownRegions = (
				en,
				Base,
			);
			mainGroup = B035139619FFF804005C0ADB;
			productRefGroup = B03513A019FFF804005C0ADB /* Products */;
			projectDirPath = "";
			projectRoot = "";
			targets = (
				B035139E19FFF804005C0ADB /* Pad Shot */,
				B03513B519FFF805005C0ADB /* Pad ShotTests */,
			);
		};
/* End PBXProject section */

/* Begin PBXResourcesBuildPhase section */
		B035139D19FFF804005C0ADB /* Resources */ = {
			isa = PBXResourcesBuildPhase;
			buildActionMask = 2147483647;
			files = (
				B03513AC19FFF805005C0ADB /* Main.storyboard in Resources */,
				B03513B119FFF805005C0ADB /* LaunchScreen.xib in Resources */,
				B03513AE19FFF805005C0ADB /* Images.xcassets in Resources */,
			);
			runOnlyForDeploymentPostprocessing = 0;
		};
		B03513B419FFF805005C0ADB /* Resources */ = {
			isa = PBXResourcesBuildPhase;
			buildActionMask = 2147483647;
			files = (
			);
			runOnlyForDeploymentPostprocessing = 0;
		};
/* End PBXResourcesBuildPhase section */

/* Begin PBXSourcesBuildPhase section */
		B035139B19FFF804005C0ADB /* Sources */ = {
			isa = PBXSourcesBuildPhase;
			buildActionMask = 2147483647;
			files = (
				B0C23EB91A028CA500947428 /* RecentsViewController.swift in Sources */,
				B03513A919FFF805005C0ADB /* SecondViewController.swift in Sources */,
				B03513A519FFF805005C0ADB /* AppDelegate.swift in Sources */,
				B03513C719FFF8C5005C0ADB /* README.md in Sources */,
				B03513A719FFF805005C0ADB /* FirstViewController.swift in Sources */,
			);
			runOnlyForDeploymentPostprocessing = 0;
		};
		B03513B219FFF805005C0ADB /* Sources */ = {
			isa = PBXSourcesBuildPhase;
			buildActionMask = 2147483647;
			files = (
				B03513BD19FFF805005C0ADB /* Pad_ShotTests.swift in Sources */,
			);
			runOnlyForDeploymentPostprocessing = 0;
		};
/* End PBXSourcesBuildPhase section */

/* Begin PBXTargetDependency section */
		B03513B819FFF805005C0ADB /* PBXTargetDependency */ = {
			isa = PBXTargetDependency;
			target = B035139E19FFF804005C0ADB /* Pad Shot */;
			targetProxy = B03513B719FFF805005C0ADB /* PBXContainerItemProxy */;
		};
/* End PBXTargetDependency section */

/* Begin PBXVariantGroup section */
		B03513AA19FFF805005C0ADB /* Main.storyboard */ = {
			isa = PBXVariantGroup;
			children = (
				B03513AB19FFF805005C0ADB /* Base */,
			);
			name = Main.storyboard;
			sourceTree = "<group>";
		};
		B03513AF19FFF805005C0ADB /* LaunchScreen.xib */ = {
			isa = PBXVariantGroup;
			children = (
				B03513B019FFF805005C0ADB /* Base */,
			);
			name = LaunchScreen.xib;
			sourceTree = "<group>";
		};
/* End PBXVariantGroup section */

/* Begin XCBuildConfiguration section */
		B03513BE19FFF805005C0ADB /* Debug */ = {
			isa = XCBuildConfiguration;
			buildSettings = {
				ALWAYS_SEARCH_USER_PATHS = NO;
				CLANG_CXX_LANGUAGE_STANDARD = "gnu++0x";
				CLANG_CXX_LIBRARY = "libc++";
				CLANG_ENABLE_MODULES = YES;
				CLANG_ENABLE_OBJC_ARC = YES;
				CLANG_WARN_BOOL_CONVERSION = YES;
				CLANG_WARN_CONSTANT_CONVERSION = YES;
				CLANG_WARN_DIRECT_OBJC_ISA_USAGE = YES_ERROR;
				CLANG_WARN_EMPTY_BODY = YES;
				CLANG_WARN_ENUM_CONVERSION = YES;
				CLANG_WARN_INT_CONVERSION = YES;
				CLANG_WARN_OBJC_ROOT_CLASS = YES_ERROR;
				CLANG_WARN_UNREACHABLE_CODE = YES;
				CLANG_WARN__DUPLICATE_METHOD_MATCH = YES;
				"CODE_SIGN_IDENTITY[sdk=iphoneos*]" = "iPhone Developer";
				COPY_PHASE_STRIP = NO;
				ENABLE_STRICT_OBJC_MSGSEND = YES;
				GCC_C_LANGUAGE_STANDARD = gnu99;
				GCC_DYNAMIC_NO_PIC = NO;
				GCC_OPTIMIZATION_LEVEL = 0;
				GCC_PREPROCESSOR_DEFINITIONS = (
					"DEBUG=1",
					"$(inherited)",
				);
				GCC_SYMBOLS_PRIVATE_EXTERN = NO;
				GCC_WARN_64_TO_32_BIT_CONVERSION = YES;
				GCC_WARN_ABOUT_RETURN_TYPE = YES_ERROR;
				GCC_WARN_UNDECLARED_SELECTOR = YES;
				GCC_WARN_UNINITIALIZED_AUTOS = YES_AGGRESSIVE;
				GCC_WARN_UNUSED_FUNCTION = YES;
				GCC_WARN_UNUSED_VARIABLE = YES;
				IPHONEOS_DEPLOYMENT_TARGET = 8.1;
				MTL_ENABLE_DEBUG_INFO = YES;
				ONLY_ACTIVE_ARCH = YES;
				SDKROOT = iphoneos;
				SWIFT_OPTIMIZATION_LEVEL = "-Onone";
				TARGETED_DEVICE_FAMILY = 2;
			};
			name = Debug;
		};
		B03513BF19FFF805005C0ADB /* Release */ = {
			isa = XCBuildConfiguration;
			buildSettings = {
				ALWAYS_SEARCH_USER_PATHS = NO;
				CLANG_CXX_LANGUAGE_STANDARD = "gnu++0x";
				CLANG_CXX_LIBRARY = "libc++";
				CLANG_ENABLE_MODULES = YES;
				CLANG_ENABLE_OBJC_ARC = YES;
				CLANG_WARN_BOOL_CONVERSION = YES;
				CLANG_WARN_CONSTANT_CONVERSION = YES;
				CLANG_WARN_DIRECT_OBJC_ISA_USAGE = YES_ERROR;
				CLANG_WARN_EMPTY_BODY = YES;
				CLANG_WARN_ENUM_CONVERSION = YES;
				CLANG_WARN_INT_CONVERSION = YES;
				CLANG_WARN_OBJC_ROOT_CLASS = YES_ERROR;
				CLANG_WARN_UNREACHABLE_CODE = YES;
				CLANG_WARN__DUPLICATE_METHOD_MATCH = YES;
				"CODE_SIGN_IDENTITY[sdk=iphoneos*]" = "iPhone Developer";
				COPY_PHASE_STRIP = YES;
				ENABLE_NS_ASSERTIONS = NO;
				ENABLE_STRICT_OBJC_MSGSEND = YES;
				GCC_C_LANGUAGE_STANDARD = gnu99;
				GCC_WARN_64_TO_32_BIT_CONVERSION = YES;
				GCC_WARN_ABOUT_RETURN_TYPE = YES_ERROR;
				GCC_WARN_UNDECLARED_SELECTOR = YES;
				GCC_WARN_UNINITIALIZED_AUTOS = YES_AGGRESSIVE;
				GCC_WARN_UNUSED_FUNCTION = YES;
				GCC_WARN_UNUSED_VARIABLE = YES;
				IPHONEOS_DEPLOYMENT_TARGET = 8.1;
				MTL_ENABLE_DEBUG_INFO = NO;
				SDKROOT = iphoneos;
				TARGETED_DEVICE_FAMILY = 2;
				VALIDATE_PRODUCT = YES;
			};
			name = Release;
		};
		B03513C119FFF805005C0ADB /* Debug */ = {
			isa = XCBuildConfiguration;
			buildSettings = {
				ASSETCATALOG_COMPILER_APPICON_NAME = AppIcon;
				CODE_SIGN_IDENTITY = "iPhone Developer";
				INFOPLIST_FILE = "Pad Shot/Info.plist";
				IPHONEOS_DEPLOYMENT_TARGET = 8.0;
				LD_RUNPATH_SEARCH_PATHS = "$(inherited) @executable_path/Frameworks";
				PRODUCT_NAME = "$(TARGET_NAME)";
			};
			name = Debug;
		};
		B03513C219FFF805005C0ADB /* Release */ = {
			isa = XCBuildConfiguration;
			buildSettings = {
				ASSETCATALOG_COMPILER_APPICON_NAME = AppIcon;
				CODE_SIGN_IDENTITY = "iPhone Developer";
				INFOPLIST_FILE = "Pad Shot/Info.plist";
				IPHONEOS_DEPLOYMENT_TARGET = 8.0;
				LD_RUNPATH_SEARCH_PATHS = "$(inherited) @executable_path/Frameworks";
				PRODUCT_NAME = "$(TARGET_NAME)";
			};
			name = Release;
		};
		B03513C419FFF805005C0ADB /* Debug */ = {
			isa = XCBuildConfiguration;
			buildSettings = {
				BUNDLE_LOADER = "$(TEST_HOST)";
				FRAMEWORK_SEARCH_PATHS = (
					"$(SDKROOT)/Developer/Library/Frameworks",
					"$(inherited)",
				);
				GCC_PREPROCESSOR_DEFINITIONS = (
					"DEBUG=1",
					"$(inherited)",
				);
				INFOPLIST_FILE = "Pad ShotTests/Info.plist";
				LD_RUNPATH_SEARCH_PATHS = "$(inherited) @executable_path/Frameworks @loader_path/Frameworks";
				PRODUCT_NAME = "$(TARGET_NAME)";
				TEST_HOST = "$(BUILT_PRODUCTS_DIR)/Pad Shot.app/Pad Shot";
			};
			name = Debug;
		};
		B03513C519FFF805005C0ADB /* Release */ = {
			isa = XCBuildConfiguration;
			buildSettings = {
				BUNDLE_LOADER = "$(TEST_HOST)";
				FRAMEWORK_SEARCH_PATHS = (
					"$(SDKROOT)/Developer/Library/Frameworks",
					"$(inherited)",
				);
				INFOPLIST_FILE = "Pad ShotTests/Info.plist";
				LD_RUNPATH_SEARCH_PATHS = "$(inherited) @executable_path/Frameworks @loader_path/Frameworks";
				PRODUCT_NAME = "$(TARGET_NAME)";
				TEST_HOST = "$(BUILT_PRODUCTS_DIR)/Pad Shot.app/Pad Shot";
			};
			name = Release;
		};
/* End XCBuildConfiguration section */

/* Begin XCConfigurationList section */
		B035139A19FFF804005C0ADB /* Build configuration list for PBXProject "Pad Shot" */ = {
			isa = XCConfigurationList;
			buildConfigurations = (
				B03513BE19FFF805005C0ADB /* Debug */,
				B03513BF19FFF805005C0ADB /* Release */,
			);
			defaultConfigurationIsVisible = 0;
			defaultConfigurationName = Release;
		};
		B03513C019FFF805005C0ADB /* Build configuration list for PBXNativeTarget "Pad Shot" */ = {
			isa = XCConfigurationList;
			buildConfigurations = (
				B03513C119FFF805005C0ADB /* Debug */,
				B03513C219FFF805005C0ADB /* Release */,
			);
			defaultConfigurationIsVisible = 0;
			defaultConfigurationName = Release;
		};
		B03513C319FFF805005C0ADB /* Build configuration list for PBXNativeTarget "Pad ShotTests" */ = {
			isa = XCConfigurationList;
			buildConfigurations = (
				B03513C419FFF805005C0ADB /* Debug */,
				B03513C519FFF805005C0ADB /* Release */,
			);
			defaultConfigurationIsVisible = 0;
			defaultConfigurationName = Release;
		};
/* End XCConfigurationList section */
	};
	rootObject = B035139719FFF804005C0ADB /* Project object */;
}
